
Microsoft Visual Studio Solution File, Format Version 12.00
# Visual Studio Version 17
VisualStudioVersion = 17.11.35312.102
MinimumVisualStudioVersion = 10.0.40219.1
Project("{FAE04EC0-301F-11D3-BF4B-00C04F79EFBC}") = "Project ICT", "Project ICT\Project ICT.csproj", "{9BB84EA6-CF49-4F9C-8C30-9FC3CA4E4555}"
EndProject
Global
	GlobalSection(SolutionConfigurationPlatforms) = preSolution
		Debug|Any CPU = Debug|Any CPU
		Release|Any CPU = Release|Any CPU
	EndGlobalSection
	GlobalSection(ProjectConfigurationPlatforms) = postSolution
		{9BB84EA6-CF49-4F9C-8C30-9FC3CA4E4555}.Debug|Any CPU.ActiveCfg = Debug|Any CPU
		{9BB84EA6-CF49-4F9C-8C30-9FC3CA4E4555}.Debug|Any CPU.Build.0 = Debug|Any CPU
		{9BB84EA6-CF49-4F9C-8C30-9FC3CA4E4555}.Release|Any CPU.ActiveCfg = Release|Any CPU
		{9BB84EA6-CF49-4F9C-8C30-9FC3CA4E4555}.Release|Any CPU.Build.0 = Release|Any CPU
	EndGlobalSection
	GlobalSection(SolutionProperties) = preSolution
		HideSolutionNode = FALSE
	EndGlobalSection
	GlobalSection(ExtensibilityGlobals) = postSolution
		SolutionGuid = {45784691-FA65-40D6-B239-3E08C61BA78A}
	EndGlobalSection
EndGlobal
